<?xml version="1.0" encoding="utf-8"?>
<Project ToolsVersion="4.0" xmlns="http://schemas.microsoft.com/developer/msbuild/2003">
  <ItemGroup>
    <Filter Include="RC">
      <UniqueIdentifier>{c0587241-c60b-47c8-a019-c4bc0a8fc848}</UniqueIdentifier>
      <Extensions>rc;ico;cur;bmp;dlg;rc2;rct;bin;rgs;gif;jpg;jpeg;jpe;resx;tiff;tif;png;wav;mfcribbon-ms</Extensions>
    </Filter>
    <Filter Include="SRC">
      <UniqueIdentifier>{361d17e3-ad44-46ad-8395-94b3507f3b57}</UniqueIdentifier>
    </Filter>
    <Filter Include="GitHub">
      <UniqueIdentifier>{973d52d6-79a9-42da-aac3-3e29f82fb722}</UniqueIdentifier>
    </Filter>
    <Filter Include="SRC\dokan">
      <UniqueIdentifier>{23a3fe4b-0770-4676-8dd6-b967cec20ebb}</UniqueIdentifier>
    </Filter>
    <Filter Include="SRC\md4c">
      <UniqueIdentifier>{6f2a8a1c-6b1e-4d4f-9a5b-0d7f2a1c8e34}</UniqueIdentifier>
    </Filter>
    <Filter Include="SRC\libcdi">
      <UniqueIdentifier>{0f5b6a02-3c47-4a58-9f1d-2b6c8e4a71d9}</UniqueIdentifier>
    </Filter>
    <Filter Include="SRC\nanosvg">
      <UniqueIdentifier>{c28f3654-9734-46ed-8b90-0c7020cc9b3f}</UniqueIdentifier>
    </Filter>
    <Filter Include="SRC\tiny-webp">
      <UniqueIdentifier>{b628376c-2bbd-4dc0-8501-46099130b2ce}</UniqueIdentifier>
    </Filter>
  </ItemGroup>
  <ItemGroup>
    <ClCompile Include="..\common\extract.cpp">
      <Filter>SRC</Filter>
    </ClCompile>
    <ClCompile Include="..\common\natural_sort.cpp">
      <Filter>SRC</Filter>
    </ClCompile>
    <ClCompile Include="backend.cpp">
      <Filter>SRC</Filter>
    </ClCompile>
    <ClCompile Include="cmdline.cpp">
      <Filter>SRC</Filter>
    </ClCompile>
    <ClCompile Include="cryptodlg.cpp">
      <Filter>SRC</Filter>
    </ClCompile>
    <ClCompile Include="diskprops.cpp">
      <Filter>SRC</Filter>
    </ClCompile>
    <ClCompile Include="dokanfs.cpp">
      <Filter>SRC</Filter>
    </ClCompile>
    <ClCompile Include="game.cpp">
      <Filter>SRC</Filter>
    </ClCompile>
    <ClCompile Include="helpdlg.cpp">
      <Filter>SRC</Filter>
    </ClCompile>
    <ClCompile Include="hexview.cpp">
      <Filter>SRC</Filter>
    </ClCompile>
    <ClCompile Include="imageview.cpp">
      <Filter>SRC</Filter>
    </ClCompile>
    <ClCompile Include="main.cpp">
      <Filter>SRC</Filter>
    </ClCompile>
    <ClCompile Include="mdrtf.cpp">
      <Filter>SRC</Filter>
    </ClCompile>
    <ClCompile Include="mdview.cpp">
      <Filter>SRC</Filter>
    </ClCompile>
    <ClCompile Include="md4c\entity.c">
      <Filter>SRC\md4c</Filter>
    </ClCompile>
    <ClCompile Include="md4c\md4c.c">
      <Filter>SRC\md4c</Filter>
    </ClCompile>
    <ClCompile Include="propsdlg.cpp">
      <Filter>SRC</Filter>
    </ClCompile>
    <ClCompile Include="smartdlg.cpp">
      <Filter>SRC</Filter>
    </ClCompile>
    <ClCompile Include="stb_impl.c">
      <Filter>SRC</Filter>
    </ClCompile>
    <ClCompile Include="textview.cpp">
      <Filter>SRC</Filter>
    </ClCompile>
    <ClCompile Include="util.cpp">
      <Filter>SRC</Filter>
    </ClCompile>
    <ClCompile Include="optparse.c">
      <Filter>SRC</Filter>
    </ClCompile>
  </ItemGroup>
  <ItemGroup>
    <ClInclude Include="..\common\extract.h">
      <Filter>SRC</Filter>
    </ClInclude>
    <ClInclude Include="..\common\natural_sort.h">
      <Filter>SRC</Filter>
    </ClInclude>
    <ClInclude Include="backend.h">
      <Filter>SRC</Filter>
    </ClInclude>
    <ClInclude Include="dokanfs.h">
      <Filter>SRC</Filter>
    </ClInclude>
    <ClInclude Include="gui.h">
      <Filter>SRC</Filter>
    </ClInclude>
    <ClInclude Include="libcdi\libcdi.h">
      <Filter>SRC\libcdi</Filter>
    </ClInclude>
    <ClInclude Include="mdrtf.h">
      <Filter>SRC</Filter>
    </ClInclude>
    <ClInclude Include="nanosvg\nanosvg.h">
      <Filter>SRC\nanosvg</Filter>
    </ClInclude>
    <ClInclude Include="nanosvg\nanosvgrast.h">
      <Filter>SRC\nanosvg</Filter>
    </ClInclude>
    <ClInclude Include="md4c\entity.h">
      <Filter>SRC\md4c</Filter>
    </ClInclude>
    <ClInclude Include="md4c\md4c.h">
      <Filter>SRC\md4c</Filter>
    </ClInclude>
    <ClInclude Include="resource.h">
      <Filter>RC</Filter>
    </ClInclude>
    <ClInclude Include="stb_image.h">
      <Filter>SRC</Filter>
    </ClInclude>
    <ClInclude Include="strconv.h">
      <Filter>SRC</Filter>
    </ClInclude>
    <ClInclude Include="version.h">
      <Filter>RC</Filter>
    </ClInclude>
    <ClInclude Include="dokan\dokan.h">
      <Filter>SRC\dokan</Filter>
    </ClInclude>
    <ClInclude Include="dokan\fileinfo.h">
      <Filter>SRC\dokan</Filter>
    </ClInclude>
    <ClInclude Include="dokan\public.h">
      <Filter>SRC\dokan</Filter>
    </ClInclude>
    <ClInclude Include="optparse.h">
      <Filter>SRC</Filter>
    </ClInclude>
    <ClInclude Include="tiny-webp\tiny_webp.h">
      <Filter>SRC\tiny-webp</Filter>
    </ClInclude>
  </ItemGroup>
  <ItemGroup>
    <ResourceCompile Include="FsRover.rc">
      <Filter>RC</Filter>
    </ResourceCompile>
  </ItemGroup>
  <ItemGroup>
    <Image Include="FsRover.ico">
      <Filter>RC</Filter>
    </Image>
  </ItemGroup>
  <ItemGroup>
    <None Include="packages.config" />
    <None Include="FsRover.manifest" />
    <None Include="md4c\LICENSE.md">
      <Filter>SRC\md4c</Filter>
    </None>
    <None Include="..\README.md">
      <Filter>GitHub</Filter>
    </None>
    <None Include="..\.github\workflows\msbuild.yml">
      <Filter>GitHub</Filter>
    </None>
    <None Include="help.md">
      <Filter>RC</Filter>
    </None>
  </ItemGroup>
</Project>